Microsoft Visual Studio Solution File, Format Version 12.00
# Visual Studio Version 17
VisualStudioVersion = 17.5.2.0
MinimumVisualStudioVersion = 10.0.40219.1
Project("{FAE04EC0-301F-11D3-BF4B-00C04F79EFBC}") = "RegistrationValidationSystem", "RegistrationValidationSystem.csproj", "{316AC45B-1864-BE01-5736-10EAACF806C7}"
EndProject
Global
	GlobalSection(SolutionConfigurationPlatforms) = preSolution
		Debug|Any CPU = Debug|Any CPU
		Release|Any CPU = Release|Any CPU
	EndGlobalSection
	GlobalSection(ProjectConfigurationPlatforms) = postSolution
		{316AC45B-1864-BE01-5736-10EAACF806C7}.Debug|Any CPU.ActiveCfg = Debug|Any CPU
		{316AC45B-1864-BE01-5736-10EAACF806C7}.Debug|Any CPU.Build.0 = Debug|Any CPU
		{316AC45B-1864-BE01-5736-10EAACF806C7}.Release|Any CPU.ActiveCfg = Release|Any CPU
		{316AC45B-1864-BE01-5736-10EAACF806C7}.Release|Any CPU.Build.0 = Release|Any CPU
	EndGlobalSection
	GlobalSection(SolutionProperties) = preSolution
		HideSolutionNode = FALSE
	EndGlobalSection
	GlobalSection(ExtensibilityGlobals) = postSolution
		SolutionGuid = {38537431-7EEB-4673-AD92-C05C3C1BF888}
	EndGlobalSection
EndGlobal
