Microsoft Visual Studio Solution File, Format Version 12.00
# Visual Studio Version 17
VisualStudioVersion = 17.5.2.0
MinimumVisualStudioVersion = 10.0.40219.1
Project("{FAE04EC0-301F-11D3-BF4B-00C04F79EFBC}") = "ShopForHome.API", "ShopForHome.API.csproj", "{12471095-4884-763B-5F66-A7CFA2F293F5}"
EndProject
Global
	GlobalSection(SolutionConfigurationPlatforms) = preSolution
		Debug|Any CPU = Debug|Any CPU
		Release|Any CPU = Release|Any CPU
	EndGlobalSection
	GlobalSection(ProjectConfigurationPlatforms) = postSolution
		{12471095-4884-763B-5F66-A7CFA2F293F5}.Debug|Any CPU.ActiveCfg = Debug|Any CPU
		{12471095-4884-763B-5F66-A7CFA2F293F5}.Debug|Any CPU.Build.0 = Debug|Any CPU
		{12471095-4884-763B-5F66-A7CFA2F293F5}.Release|Any CPU.ActiveCfg = Release|Any CPU
		{12471095-4884-763B-5F66-A7CFA2F293F5}.Release|Any CPU.Build.0 = Release|Any CPU
	EndGlobalSection
	GlobalSection(SolutionProperties) = preSolution
		HideSolutionNode = FALSE
	EndGlobalSection
	GlobalSection(ExtensibilityGlobals) = postSolution
		SolutionGuid = {0F86477B-40AE-4B6F-8E62-B8D4945BE72C}
	EndGlobalSection
EndGlobal
