
Microsoft Visual Studio Solution File, Format Version 12.00
# Visual Studio Version 17
VisualStudioVersion = 17.14.36310.24 d17.14
MinimumVisualStudioVersion = 10.0.40219.1
Project("{FAE04EC0-301F-11D3-BF4B-00C04F79EFBC}") = "Implementing_RazorPages_With_Pagemodel_Assignment_2", "Implementing_RazorPages_With_Pagemodel_Assignment_2\Implementing_RazorPages_With_Pagemodel_Assignment_2.csproj", "{4FEBFE7D-6B7B-4CE5-A6DB-FE0E5E18C6EF}"
EndProject
Global
	GlobalSection(SolutionConfigurationPlatforms) = preSolution
		Debug|Any CPU = Debug|Any CPU
		Release|Any CPU = Release|Any CPU
	EndGlobalSection
	GlobalSection(ProjectConfigurationPlatforms) = postSolution
		{4FEBFE7D-6B7B-4CE5-A6DB-FE0E5E18C6EF}.Debug|Any CPU.ActiveCfg = Debug|Any CPU
		{4FEBFE7D-6B7B-4CE5-A6DB-FE0E5E18C6EF}.Debug|Any CPU.Build.0 = Debug|Any CPU
		{4FEBFE7D-6B7B-4CE5-A6DB-FE0E5E18C6EF}.Release|Any CPU.ActiveCfg = Release|Any CPU
		{4FEBFE7D-6B7B-4CE5-A6DB-FE0E5E18C6EF}.Release|Any CPU.Build.0 = Release|Any CPU
	EndGlobalSection
	GlobalSection(SolutionProperties) = preSolution
		HideSolutionNode = FALSE
	EndGlobalSection
	GlobalSection(ExtensibilityGlobals) = postSolution
		SolutionGuid = {1037536E-48FA-4C32-8407-B05015DED557}
	EndGlobalSection
EndGlobal
