
Microsoft Visual Studio Solution File, Format Version 12.00
# Visual Studio Version 17
VisualStudioVersion = 17.14.36310.24 d17.14
MinimumVisualStudioVersion = 10.0.40219.1
Project("{FAE04EC0-301F-11D3-BF4B-00C04F79EFBC}") = "MSTestDemo", "MSTestDemo\MSTestDemo.csproj", "{BE44AC44-7221-4CF3-81E7-5A8AC8024A9E}"
EndProject
Project("{FAE04EC0-301F-11D3-BF4B-00C04F79EFBC}") = "ClassLibrary_MSTest", "ClassLibrary_MSTest\ClassLibrary_MSTest.csproj", "{C5B7087C-1908-4086-8F15-F660FC6B510C}"
EndProject
Global
	GlobalSection(SolutionConfigurationPlatforms) = preSolution
		Debug|Any CPU = Debug|Any CPU
		Release|Any CPU = Release|Any CPU
	EndGlobalSection
	GlobalSection(ProjectConfigurationPlatforms) = postSolution
		{BE44AC44-7221-4CF3-81E7-5A8AC8024A9E}.Debug|Any CPU.ActiveCfg = Debug|Any CPU
		{BE44AC44-7221-4CF3-81E7-5A8AC8024A9E}.Debug|Any CPU.Build.0 = Debug|Any CPU
		{BE44AC44-7221-4CF3-81E7-5A8AC8024A9E}.Release|Any CPU.ActiveCfg = Release|Any CPU
		{BE44AC44-7221-4CF3-81E7-5A8AC8024A9E}.Release|Any CPU.Build.0 = Release|Any CPU
		{C5B7087C-1908-4086-8F15-F660FC6B510C}.Debug|Any CPU.ActiveCfg = Debug|Any CPU
		{C5B7087C-1908-4086-8F15-F660FC6B510C}.Debug|Any CPU.Build.0 = Debug|Any CPU
		{C5B7087C-1908-4086-8F15-F660FC6B510C}.Release|Any CPU.ActiveCfg = Release|Any CPU
		{C5B7087C-1908-4086-8F15-F660FC6B510C}.Release|Any CPU.Build.0 = Release|Any CPU
	EndGlobalSection
	GlobalSection(SolutionProperties) = preSolution
		HideSolutionNode = FALSE
	EndGlobalSection
	GlobalSection(ExtensibilityGlobals) = postSolution
		SolutionGuid = {5C052568-FD33-4CAC-B279-8E451CB4A45E}
	EndGlobalSection
EndGlobal
