Microsoft Visual Studio Solution File, Format Version 12.00
# Visual Studio Version 17
VisualStudioVersion = 17.5.2.0
MinimumVisualStudioVersion = 10.0.40219.1
Project("{FAE04EC0-301F-11D3-BF4B-00C04F79EFBC}") = "CODEFIRST_EFCORE", "CODEFIRST_EFCORE.csproj", "{1AA8BBAC-1E77-F28D-0BBE-16133416534A}"
EndProject
Global
	GlobalSection(SolutionConfigurationPlatforms) = preSolution
		Debug|Any CPU = Debug|Any CPU
		Release|Any CPU = Release|Any CPU
	EndGlobalSection
	GlobalSection(ProjectConfigurationPlatforms) = postSolution
		{1AA8BBAC-1E77-F28D-0BBE-16133416534A}.Debug|Any CPU.ActiveCfg = Debug|Any CPU
		{1AA8BBAC-1E77-F28D-0BBE-16133416534A}.Debug|Any CPU.Build.0 = Debug|Any CPU
		{1AA8BBAC-1E77-F28D-0BBE-16133416534A}.Release|Any CPU.ActiveCfg = Release|Any CPU
		{1AA8BBAC-1E77-F28D-0BBE-16133416534A}.Release|Any CPU.Build.0 = Release|Any CPU
	EndGlobalSection
	GlobalSection(SolutionProperties) = preSolution
		HideSolutionNode = FALSE
	EndGlobalSection
	GlobalSection(ExtensibilityGlobals) = postSolution
		SolutionGuid = {B4DAF6B3-3182-412A-9AF7-2C46ECA5E714}
	EndGlobalSection
EndGlobal
