Microsoft Visual Studio Solution File, Format Version 12.00
# Visual Studio Version 17
VisualStudioVersion = 17.5.2.0
MinimumVisualStudioVersion = 10.0.40219.1
Project("{FAE04EC0-301F-11D3-BF4B-00C04F79EFBC}") = "BookStore.Web", "BookStore.Web.csproj", "{0785F1A2-9151-387C-8A7C-AF2559BEC1FB}"
EndProject
Global
	GlobalSection(SolutionConfigurationPlatforms) = preSolution
		Debug|Any CPU = Debug|Any CPU
		Release|Any CPU = Release|Any CPU
	EndGlobalSection
	GlobalSection(ProjectConfigurationPlatforms) = postSolution
		{0785F1A2-9151-387C-8A7C-AF2559BEC1FB}.Debug|Any CPU.ActiveCfg = Debug|Any CPU
		{0785F1A2-9151-387C-8A7C-AF2559BEC1FB}.Debug|Any CPU.Build.0 = Debug|Any CPU
		{0785F1A2-9151-387C-8A7C-AF2559BEC1FB}.Release|Any CPU.ActiveCfg = Release|Any CPU
		{0785F1A2-9151-387C-8A7C-AF2559BEC1FB}.Release|Any CPU.Build.0 = Release|Any CPU
	EndGlobalSection
	GlobalSection(SolutionProperties) = preSolution
		HideSolutionNode = FALSE
	EndGlobalSection
	GlobalSection(ExtensibilityGlobals) = postSolution
		SolutionGuid = {AE565AC2-2904-422F-80B9-A6D5BF1182CC}
	EndGlobalSection
EndGlobal
