Microsoft Visual Studio Solution File, Format Version 12.00
# Visual Studio Version 17
VisualStudioVersion = 17.5.2.0
MinimumVisualStudioVersion = 10.0.40219.1
Project("{FAE04EC0-301F-11D3-BF4B-00C04F79EFBC}") = "EcommerceRoutingDemo", "EcommerceRoutingDemo.csproj", "{DC3D558E-097D-72C5-12D2-C458F87D5A70}"
EndProject
Global
	GlobalSection(SolutionConfigurationPlatforms) = preSolution
		Debug|Any CPU = Debug|Any CPU
		Release|Any CPU = Release|Any CPU
	EndGlobalSection
	GlobalSection(ProjectConfigurationPlatforms) = postSolution
		{DC3D558E-097D-72C5-12D2-C458F87D5A70}.Debug|Any CPU.ActiveCfg = Debug|Any CPU
		{DC3D558E-097D-72C5-12D2-C458F87D5A70}.Debug|Any CPU.Build.0 = Debug|Any CPU
		{DC3D558E-097D-72C5-12D2-C458F87D5A70}.Release|Any CPU.ActiveCfg = Release|Any CPU
		{DC3D558E-097D-72C5-12D2-C458F87D5A70}.Release|Any CPU.Build.0 = Release|Any CPU
	EndGlobalSection
	GlobalSection(SolutionProperties) = preSolution
		HideSolutionNode = FALSE
	EndGlobalSection
	GlobalSection(ExtensibilityGlobals) = postSolution
		SolutionGuid = {7868BF1C-E2C9-43F2-BD33-DC196D9C46F8}
	EndGlobalSection
EndGlobal
